{
    "_readme": [
        "This file locks the dependencies of your project to a known state",
        "Read more about it at https://getcomposer.org/doc/01-basic-usage.md#installing-dependencies",
        "This file is @generated automatically"
    ],
    "content-hash": "57283dd02ea0b9d6b9889d932c831c37",
    "packages": [
        {
            "name": "semiorbit/upwatch",
            "version": "dev-main",
            "source": {
                "type": "git",
                "url": "https://github.com/semiorbit/upwatch-php.git",
                "reference": "1173ec7d8550df452154fbc6f31555d1ff971c74"
            },
            "dist": {
                "type": "zip",
                "url": "https://api.github.com/repos/semiorbit/upwatch-php/zipball/1173ec7d8550df452154fbc6f31555d1ff971c74",
                "reference": "1173ec7d8550df452154fbc6f31555d1ff971c74",
                "shasum": ""
            },
            "require": {
                "php": ">=7.4"
            },
            "default-branch": true,
            "type": "library",
            "autoload": {
                "psr-4": {
                    "SemiorbitUpWatch\\": "src/"
                }
            },
            "notification-url": "https://packagist.org/downloads/",
            "license": [
                "MIT"
            ],
            "authors": [
                {
                    "name": "Ibrahim Khalil Khalbous",
                    "email": "ibrahim@semiorbit.com"
                },
                {
                    "name": "Semiorbit Solution Co. LLC",
                    "email": "framework@semiorbit.com",
                    "homepage": "https://semiorbit.com"
                }
            ],
            "description": "PHP helper for Semiorbit UpWatch upload scanning system",
            "support": {
                "issues": "https://github.com/semiorbit/upwatch-php/issues",
                "source": "https://github.com/semiorbit/upwatch-php/tree/1.0.6"
            },
            "time": "2025-12-14T02:01:15+00:00"
        }
    ],
    "packages-dev": [],
    "aliases": [],
    "minimum-stability": "dev",
    "stability-flags": {},
    "prefer-stable": false,
    "prefer-lowest": false,
    "platform": {
        "php": ">=8.2",
        "ext-json": "*",
        "ext-mysqli": "*",
        "ext-fileinfo": "*",
        "ext-dom": "*",
        "ext-libxml": "*"
    },
    "platform-dev": {},
    "plugin-api-version": "2.6.0"
}
